
Microsoft Visual Studio Solution File, Format Version 12.00
# Visual Studio 15
VisualStudioVersion = 15.0.27703.2026
MinimumVisualStudioVersion = 10.0.40219.1
Project("{FAE04EC0-301F-11D3-BF4B-00C04F79EFBC}") = "study", "study\study.csproj", "{848E9B45-A342-4CEB-8FB1-5E369E80B23F}"
EndProject
Global
	GlobalSection(SolutionConfigurationPlatforms) = preSolution
		Debug|Any CPU = Debug|Any CPU
		Release|Any CPU = Release|Any CPU
	EndGlobalSection
	GlobalSection(ProjectConfigurationPlatforms) = postSolution
		{848E9B45-A342-4CEB-8FB1-5E369E80B23F}.Debug|Any CPU.ActiveCfg = Debug|Any CPU
		{848E9B45-A342-4CEB-8FB1-5E369E80B23F}.Debug|Any CPU.Build.0 = Debug|Any CPU
		{848E9B45-A342-4CEB-8FB1-5E369E80B23F}.Release|Any CPU.ActiveCfg = Release|Any CPU
		{848E9B45-A342-4CEB-8FB1-5E369E80B23F}.Release|Any CPU.Build.0 = Release|Any CPU
	EndGlobalSection
	GlobalSection(SolutionProperties) = preSolution
		HideSolutionNode = FALSE
	EndGlobalSection
	GlobalSection(ExtensibilityGlobals) = postSolution
		SolutionGuid = {8A4A79EB-2D12-4A84-B571-A071FEAB2CA7}
	EndGlobalSection
EndGlobal
